NeoBundleLock neobundle.vim 847cbd0d180a9ff2baf369c788e186b8aafaae8b
NeoBundleLock rust.vim b6d88adcf9867aa69f4d20d45d49bb54979842a4
NeoBundleLock syntastic 48736aa376341518d7bedf3a39daf0ae9e1dcdc0
NeoBundleLock unite.vim c5c69d5d94e61a67d61730d04c82763196f63b10
NeoBundleLock vim-fugitive de6c05720cdf74c0218218d7207f700232a5b6dc
